
Microsoft Visual Studio Solution File, Format Version 12.00
# Visual Studio Version 16
VisualStudioVersion = 16.0.28606.126
MinimumVisualStudioVersion = 10.0.40219.1
Project("{9A19103F-16F7-4668-BE54-9A1E7A4F7556}") = "EasyDatabase.Core", "EasyDatabase.Core\EasyDatabase.Core.csproj", "{860605BE-4A6E-4416-B360-A06DE7F4DD92}"
EndProject
Project("{9A19103F-16F7-4668-BE54-9A1E7A4F7556}") = "EasyDatabase.Extensions", "EasyDatabase.Extensions\EasyDatabase.Extensions.csproj", "{52D2623E-6F91-4FDD-BA97-85DD261EB2AE}"
EndProject
Project("{9A19103F-16F7-4668-BE54-9A1E7A4F7556}") = "EasyDatabase.FileRepository", "EasyDatabase.FileRepository\EasyDatabase.FileRepository.csproj", "{759C9FA1-DF9D-4893-9D90-B61E3AEB2B37}"
EndProject
Project("{9A19103F-16F7-4668-BE54-9A1E7A4F7556}") = "EasyDatabase.Core.Tests", "EasyDatabase.Core.Tests\EasyDatabase.Core.Tests.csproj", "{1E83185E-CB54-4B0D-83CB-5C28504CFB3D}"
EndProject
Project("{9A19103F-16F7-4668-BE54-9A1E7A4F7556}") = "EasyDatabase.Repository.Tests", "EasyDatabase.Repository.Tests\EasyDatabase.Repository.Tests.csproj", "{DC83FE16-3441-43B6-B64D-185D85C601AF}"
EndProject
Project("{FAE04EC0-301F-11D3-BF4B-00C04F79EFBC}") = "EasyDatabase.AzureBlobRepository", "EasyDatabase.AzureBlobRepository\EasyDatabase.AzureBlobRepository.csproj", "{20C016F9-B64D-4BED-9CF9-ECC3174D5228}"
EndProject
Global
	GlobalSection(SolutionConfigurationPlatforms) = preSolution
		Debug|Any CPU = Debug|Any CPU
		Release|Any CPU = Release|Any CPU
	EndGlobalSection
	GlobalSection(ProjectConfigurationPlatforms) = postSolution
		{860605BE-4A6E-4416-B360-A06DE7F4DD92}.Debug|Any CPU.ActiveCfg = Debug|Any CPU
		{860605BE-4A6E-4416-B360-A06DE7F4DD92}.Debug|Any CPU.Build.0 = Debug|Any CPU
		{860605BE-4A6E-4416-B360-A06DE7F4DD92}.Release|Any CPU.ActiveCfg = Release|Any CPU
		{860605BE-4A6E-4416-B360-A06DE7F4DD92}.Release|Any CPU.Build.0 = Release|Any CPU
		{52D2623E-6F91-4FDD-BA97-85DD261EB2AE}.Debug|Any CPU.ActiveCfg = Debug|Any CPU
		{52D2623E-6F91-4FDD-BA97-85DD261EB2AE}.Debug|Any CPU.Build.0 = Debug|Any CPU
		{52D2623E-6F91-4FDD-BA97-85DD261EB2AE}.Release|Any CPU.ActiveCfg = Release|Any CPU
		{52D2623E-6F91-4FDD-BA97-85DD261EB2AE}.Release|Any CPU.Build.0 = Release|Any CPU
		{759C9FA1-DF9D-4893-9D90-B61E3AEB2B37}.Debug|Any CPU.ActiveCfg = Debug|Any CPU
		{759C9FA1-DF9D-4893-9D90-B61E3AEB2B37}.Debug|Any CPU.Build.0 = Debug|Any CPU
		{759C9FA1-DF9D-4893-9D90-B61E3AEB2B37}.Release|Any CPU.ActiveCfg = Release|Any CPU
		{759C9FA1-DF9D-4893-9D90-B61E3AEB2B37}.Release|Any CPU.Build.0 = Release|Any CPU
		{1E83185E-CB54-4B0D-83CB-5C28504CFB3D}.Debug|Any CPU.ActiveCfg = Debug|Any CPU
		{1E83185E-CB54-4B0D-83CB-5C28504CFB3D}.Debug|Any CPU.Build.0 = Debug|Any CPU
		{1E83185E-CB54-4B0D-83CB-5C28504CFB3D}.Release|Any CPU.ActiveCfg = Release|Any CPU
		{1E83185E-CB54-4B0D-83CB-5C28504CFB3D}.Release|Any CPU.Build.0 = Release|Any CPU
		{DC83FE16-3441-43B6-B64D-185D85C601AF}.Debug|Any CPU.ActiveCfg = Debug|Any CPU
		{DC83FE16-3441-43B6-B64D-185D85C601AF}.Debug|Any CPU.Build.0 = Debug|Any CPU
		{DC83FE16-3441-43B6-B64D-185D85C601AF}.Release|Any CPU.ActiveCfg = Release|Any CPU
		{DC83FE16-3441-43B6-B64D-185D85C601AF}.Release|Any CPU.Build.0 = Release|Any CPU
		{20C016F9-B64D-4BED-9CF9-ECC3174D5228}.Debug|Any CPU.ActiveCfg = Debug|Any CPU
		{20C016F9-B64D-4BED-9CF9-ECC3174D5228}.Debug|Any CPU.Build.0 = Debug|Any CPU
		{20C016F9-B64D-4BED-9CF9-ECC3174D5228}.Release|Any CPU.ActiveCfg = Release|Any CPU
		{20C016F9-B64D-4BED-9CF9-ECC3174D5228}.Release|Any CPU.Build.0 = Release|Any CPU
	EndGlobalSection
	GlobalSection(SolutionProperties) = preSolution
		HideSolutionNode = FALSE
	EndGlobalSection
	GlobalSection(ExtensibilityGlobals) = postSolution
		SolutionGuid = {286E8326-2647-4B4C-974C-72546A1BA207}
	EndGlobalSection
EndGlobal
